{
  "name": "opalinx-spec-site",
  "lockfileVersion": 3,
  "requires": true,
  "packages": {
    "": {
      "name": "opalinx-spec-site",
      "dependencies": {
        "djipevents": "^2.0.7",
        "opalinx": "1.0.0-alpha.17"
      },
      "devDependencies": {
        "marked": "^16.4.2"
      }
    },
    "node_modules/@babel/runtime": {
      "version": "7.29.7",
      "resolved": "https://registry.npmjs.org/@babel/runtime/-/runtime-7.29.7.tgz",
      "integrity": "sha512-Nq8OhGWiZIZGV6hLHoyAKLLcJihP/xFeBMGJoUrxTX2psI8dCifzLhZISFb+VWS3wFMRDmCGw5R+dOySCqPLhw==",
      "license": "MIT",
      "engines": {
        "node": ">=6.9.0"
      }
    },
    "node_modules/djipevents": {
      "version": "2.0.7",
      "resolved": "https://registry.npmjs.org/djipevents/-/djipevents-2.0.7.tgz",
      "integrity": "sha512-KNFYaU85imxOCKOUsIR70Iz9E19r96/X7LSH+u0tSoZdpWcBdzoqtTsU+wuLhc6GMpSFob+KInkZAbfKi01Bjg==",
      "license": "Apache-2.0",
      "dependencies": {
        "@babel/runtime": "^7.20.6"
      }
    },
    "node_modules/marked": {
      "version": "16.4.2",
      "resolved": "https://registry.npmjs.org/marked/-/marked-16.4.2.tgz",
      "integrity": "sha512-TI3V8YYWvkVf3KJe1dRkpnjs68JUPyEa5vjKrp1XEEJUAOaQc+Qj+L1qWbPd0SJuAdQkFU0h73sXXqwDYxsiDA==",
      "dev": true,
      "license": "MIT",
      "bin": {
        "marked": "bin/marked.js"
      },
      "engines": {
        "node": ">= 20"
      }
    },
    "node_modules/opalinx": {
      "version": "1.0.0-alpha.17",
      "resolved": "https://registry.npmjs.org/opalinx/-/opalinx-1.0.0-alpha.17.tgz",
      "integrity": "sha512-+g5s18pmEoBYpHgc/dsBAA25KpOi4aGs5L1RuLydAvoBC3pTn8ACTiyrUoE0i7Zl3hr7Hld8F+VByRMuaSwmZQ==",
      "license": "SEE LICENSE IN LICENSE",
      "dependencies": {
        "djipevents": "^2.0.7"
      },
      "engines": {
        "node": ">=18"
      },
      "peerDependencies": {
        "serialport": "^12.0.0"
      },
      "peerDependenciesMeta": {
        "serialport": {
          "optional": true
        }
      }
    }
  }
}
